<?xml version="1.0" encoding="utf-8"?>
<Project ToolsVersion="4.0" xmlns="http://schemas.microsoft.com/developer/msbuild/2003">
  <ItemGroup>
    <Filter Include="Source Files">
      <UniqueIdentifier>{9289996a-b889-4a41-b93f-6368a5ad7a1a}</UniqueIdentifier>
      <Extensions>cpp;c;cc;cxx;def;odl;idl;hpj;bat;asm;asmx</Extensions>
    </Filter>
    <Filter Include="Header Files">
      <UniqueIdentifier>{f7f14a33-cf30-4714-a7ab-99eb99be59fc}</UniqueIdentifier>
      <Extensions>h;hpp;hxx;hm;inl;inc;xsd</Extensions>
    </Filter>
  </ItemGroup>
  <ItemGroup>
    <ClCompile Include="aes_test.c">
      <Filter>Source Files</Filter>
    </ClCompile>
    <ClCompile Include="crypto_tests.c">
      <Filter>Source Files</Filter>
    </ClCompile>
    <ClCompile Include="pkcs5_test.c">
      <Filter>Source Files</Filter>
    </ClCompile>
    <ClCompile Include="serpent_test.c">
      <Filter>Source Files</Filter>
    </ClCompile>
    <ClCompile Include="sha512_test.c">
      <Filter>Source Files</Filter>
    </ClCompile>
    <ClCompile Include="twofish_test.c">
      <Filter>Source Files</Filter>
    </ClCompile>
    <ClCompile Include="xts_test.c">
      <Filter>Source Files</Filter>
    </ClCompile>
    <ClCompile Include="xts_aes_test.c">
      <Filter>Source Files</Filter>
    </ClCompile>
    <ClCompile Include="sha512_hmac_test.c">
      <Filter>Source Files</Filter>
    </ClCompile>
  </ItemGroup>
  <ItemGroup>
    <ClInclude Include="aes_test.h">
      <Filter>Header Files</Filter>
    </ClInclude>
    <ClInclude Include="crc32_test.h">
      <Filter>Header Files</Filter>
    </ClInclude>
    <ClInclude Include="pkcs5_test.h">
      <Filter>Header Files</Filter>
    </ClInclude>
    <ClInclude Include="serpent_test.h">
      <Filter>Header Files</Filter>
    </ClInclude>
    <ClInclude Include="sha512_test.h">
      <Filter>Header Files</Filter>
    </ClInclude>
    <ClInclude Include="twofish_test.h">
      <Filter>Header Files</Filter>
    </ClInclude>
    <ClInclude Include="xts_test.h">
      <Filter>Header Files</Filter>
    </ClInclude>
    <ClInclude Include="xts_aes_test.h">
      <Filter>Header Files</Filter>
    </ClInclude>
    <ClInclude Include="sha512_hmac_test.h">
      <Filter>Header Files</Filter>
    </ClInclude>
  </ItemGroup>
</Project>