<?xml version="1.0" encoding="utf-8"?>
<Project ToolsVersion="4.0" xmlns="http://schemas.microsoft.com/developer/msbuild/2003">
  <ItemGroup>
    <Filter Include="Source Files">
      <UniqueIdentifier>{95e153e8-8dc9-4b7d-b27b-f7d167058441}</UniqueIdentifier>
      <Extensions>cpp;c;cc;cxx;def;odl;idl;hpj;bat;asm;asmx</Extensions>
    </Filter>
    <Filter Include="Header Files">
      <UniqueIdentifier>{fd754660-97ed-4675-b92b-71e0525839cf}</UniqueIdentifier>
      <Extensions>h;hpp;hxx;hm;inl;inc;xsd</Extensions>
    </Filter>
  </ItemGroup>
  <ItemGroup>
    <ClCompile Include="aes_test.c">
      <Filter>Source Files</Filter>
    </ClCompile>
    <ClCompile Include="crc32_test.c">
      <Filter>Source Files</Filter>
    </ClCompile>
    <ClCompile Include="crypto_tests.c">
      <Filter>Source Files</Filter>
    </ClCompile>
    <ClCompile Include="pkcs5_test.c">
      <Filter>Source Files</Filter>
    </ClCompile>
    <ClCompile Include="serpent_test.c">
      <Filter>Source Files</Filter>
    </ClCompile>
    <ClCompile Include="sha512_test.c">
      <Filter>Source Files</Filter>
    </ClCompile>
    <ClCompile Include="twofish_test.c">
      <Filter>Source Files</Filter>
    </ClCompile>
    <ClCompile Include="xts_test.c">
      <Filter>Source Files</Filter>
    </ClCompile>
    <ClCompile Include="sha512_hmac_test.c">
      <Filter>Source Files</Filter>
    </ClCompile>
    <ClCompile Include="sha512_hmac_drbg_test.c">
      <Filter>Source Files</Filter>
    </ClCompile>
  </ItemGroup>
  <ItemGroup>
    <ClInclude Include="aes_test.h">
      <Filter>Header Files</Filter>
    </ClInclude>
    <ClInclude Include="crc32_test.h">
      <Filter>Header Files</Filter>
    </ClInclude>
    <ClInclude Include="pkcs5_test.h">
      <Filter>Header Files</Filter>
    </ClInclude>
    <ClInclude Include="serpent_test.h">
      <Filter>Header Files</Filter>
    </ClInclude>
    <ClInclude Include="sha512_test.h">
      <Filter>Header Files</Filter>
    </ClInclude>
    <ClInclude Include="twofish_test.h">
      <Filter>Header Files</Filter>
    </ClInclude>
    <ClInclude Include="xts_test.h">
      <Filter>Header Files</Filter>
    </ClInclude>
    <ClInclude Include="sha512_hmac_test.h">
      <Filter>Header Files</Filter>
    </ClInclude>
    <ClInclude Include="sha512_hmac_drbg_test.h">
      <Filter>Header Files</Filter>
    </ClInclude>
  </ItemGroup>
</Project>