<?xml version="1.0" encoding="utf-8"?>
<Project ToolsVersion="4.0" xmlns="http://schemas.microsoft.com/developer/msbuild/2003">
  <ItemGroup>
    <Filter Include="Source Files">
      <UniqueIdentifier>{41e402dc-13ad-440b-83f4-f53e5566eb56}</UniqueIdentifier>
      <Extensions>cpp;c;cc;cxx;def;odl;idl;hpj;bat;asm;asmx</Extensions>
    </Filter>
    <Filter Include="Header Files">
      <UniqueIdentifier>{ac6e7af2-5641-4a04-a9b6-f6ec9a473caa}</UniqueIdentifier>
      <Extensions>h;hpp;hxx;hm;inl;inc;xsd</Extensions>
    </Filter>
    <Filter Include="Resource Files">
      <UniqueIdentifier>{5745c5d9-be23-44b4-923a-3a1e4efe6cd5}</UniqueIdentifier>
    </Filter>
  </ItemGroup>
  <ItemGroup>
    <ClCompile Include="cd_enc.c">
      <Filter>Source Files</Filter>
    </ClCompile>
    <ClCompile Include="dcapi.c">
      <Filter>Source Files</Filter>
    </ClCompile>
    <ClCompile Include="disk_name.c">
      <Filter>Source Files</Filter>
    </ClCompile>
    <ClCompile Include="drv_ioctl.c">
      <Filter>Source Files</Filter>
    </ClCompile>
    <ClCompile Include="drvinst.c">
      <Filter>Source Files</Filter>
    </ClCompile>
    <ClCompile Include="keyfiles.c">
      <Filter>Source Files</Filter>
    </ClCompile>
    <ClCompile Include="mbrinst.c">
      <Filter>Source Files</Filter>
    </ClCompile>
    <ClCompile Include="misc.c">
      <Filter>Source Files</Filter>
    </ClCompile>
    <ClCompile Include="rand.c">
      <Filter>Source Files</Filter>
    </ClCompile>
  </ItemGroup>
  <ItemGroup>
    <ResourceCompile Include="dcres.rc">
      <Filter>Resource Files</Filter>
    </ResourceCompile>
  </ItemGroup>
  <ItemGroup>
    <ClInclude Include="include\cd_enc.h">
      <Filter>Header Files</Filter>
    </ClInclude>
    <ClInclude Include="include\dcapi.h">
      <Filter>Header Files</Filter>
    </ClInclude>
    <ClInclude Include="include\dcres.h">
      <Filter>Header Files</Filter>
    </ClInclude>
    <ClInclude Include="include\disk_name.h">
      <Filter>Header Files</Filter>
    </ClInclude>
    <ClInclude Include="include\drv_ioctl.h">
      <Filter>Header Files</Filter>
    </ClInclude>
    <ClInclude Include="include\drvinst.h">
      <Filter>Header Files</Filter>
    </ClInclude>
    <ClInclude Include="include\keyfiles.h">
      <Filter>Header Files</Filter>
    </ClInclude>
    <ClInclude Include="include\mbrinst.h">
      <Filter>Header Files</Filter>
    </ClInclude>
    <ClInclude Include="include\misc.h">
      <Filter>Header Files</Filter>
    </ClInclude>
    <ClInclude Include="include\rand.h">
      <Filter>Header Files</Filter>
    </ClInclude>
  </ItemGroup>
</Project>