
Microsoft Visual Studio Solution File, Format Version 12.00
# Visual Studio 15
VisualStudioVersion = 15.0.28307.705
MinimumVisualStudioVersion = 10.0.40219.1
Project("{8BC9CEB8-8B4A-11D0-8D11-00A0C91BC942}") = "DcsAll", "DcsAll.vcxproj", "{A1E1BDBE-46DD-44C5-9F91-09B3B715248F}"
EndProject
Project("{8BC9CEB8-8B4A-11D0-8D11-00A0C91BC942}") = "DcsBml", "DcsBml\DcsBml.vcxproj", "{896F3AA1-C0A5-40DA-84BE-1BB8BCDDC026}"
EndProject
Project("{8BC9CEB8-8B4A-11D0-8D11-00A0C91BC942}") = "DcsBoot", "DcsBoot\DcsBoot.vcxproj", "{1594FF84-C95D-4F31-9FC6-B6B38EE711A5}"
EndProject
Project("{8BC9CEB8-8B4A-11D0-8D11-00A0C91BC942}") = "DcsCfg", "DcsCfg\DcsCfg.vcxproj", "{072E97C4-9478-4945-9ED1-7E1D83F9961A}"
EndProject
Project("{8BC9CEB8-8B4A-11D0-8D11-00A0C91BC942}") = "DcsInfo", "DcsInfo\DcsInfo.vcxproj", "{3F03EE1D-2900-4D31-8279-8FA94DD05348}"
EndProject
Project("{8BC9CEB8-8B4A-11D0-8D11-00A0C91BC942}") = "DcsInt", "DcsInt\DcsInt.vcxproj", "{1D5B09E3-F5C4-4622-9FE2-3189880B747A}"
EndProject
Project("{8BC9CEB8-8B4A-11D0-8D11-00A0C91BC942}") = "DcsRe", "DcsRe\DcsRe.vcxproj", "{C3D771FF-F126-4CBE-AB4C-78E08EBCA82F}"
EndProject
Project("{2150E333-8FDC-42A3-9474-1A3956D46DE8}") = "DcsPkg", "DcsPkg", "{0606163B-D589-4BD5-BB35-1BE9289DB667}"
EndProject
Project("{8BC9CEB8-8B4A-11D0-8D11-00A0C91BC942}") = "LegacySpeaker", "LegacySpeaker\LegacySpeaker.vcxproj", "{5CC585F2-15E8-41FD-A679-0BDC6566992A}"
EndProject
Project("{2150E333-8FDC-42A3-9474-1A3956D46DE8}") = "Library", "Library", "{B85DC20F-1026-401A-9202-25A8AAE6AF13}"
EndProject
Project("{8BC9CEB8-8B4A-11D0-8D11-00A0C91BC942}") = "DcsCfgLib", "Library\DcsCfgLib\DcsCfgLib.vcxproj", "{925CEE89-F916-45FF-9F9A-07BD4B8A2CDF}"
EndProject
Project("{8BC9CEB8-8B4A-11D0-8D11-00A0C91BC942}") = "DcsTpmLib", "Library\DcsTpmLib\DcsTpmLib.vcxproj", "{AFE577D4-5CC8-4706-975C-7E0A4F6888E1}"
EndProject
Project("{8BC9CEB8-8B4A-11D0-8D11-00A0C91BC942}") = "GraphLib", "Library\GraphLib\GraphLib.vcxproj", "{C1457B4D-77E5-4E9E-A210-D624782B7714}"
EndProject
Project("{8BC9CEB8-8B4A-11D0-8D11-00A0C91BC942}") = "PasswordLib", "Library\PasswordLib\PasswordLib.vcxproj", "{86D93E8C-EA86-44BF-B3FC-8AE5EA509C60}"
EndProject
Project("{8BC9CEB8-8B4A-11D0-8D11-00A0C91BC942}") = "VeraCryptLib", "Library\VeraCryptLib\VeraCryptLib.vcxproj", "{0A8B0B0A-860B-42A7-BE74-9CE16E6E415F}"
EndProject
Project("{8BC9CEB8-8B4A-11D0-8D11-00A0C91BC942}") = "CommonLib", "Library\CommonLib\CommonLib.vcxproj", "{FD53F894-7B5A-495B-886F-4D4A26147767}"
EndProject
Project("{8BC9CEB8-8B4A-11D0-8D11-00A0C91BC942}") = "DiskCryptorLib", "Library\DiskCryptorLib\DiskCryptorLib.vcxproj", "{53B4FBAB-3988-4B16-9444-F14BB9CEC851}"
EndProject
Project("{8BC9CEB8-8B4A-11D0-8D11-00A0C91BC942}") = "DcsIntLib", "Library\DcsIntLib\DcsIntLib.vcxproj", "{34205709-1C3A-43E9-A57C-5EBC5BBD2D89}"
EndProject
Global
	GlobalSection(SolutionConfigurationPlatforms) = preSolution
		Debug|x64 = Debug|x64
		Debug|x86 = Debug|x86
		Release|x64 = Release|x64
		Release|x86 = Release|x86
	EndGlobalSection
	GlobalSection(ProjectConfigurationPlatforms) = postSolution
		{A1E1BDBE-46DD-44C5-9F91-09B3B715248F}.Debug|x64.ActiveCfg = Debug|x64
		{A1E1BDBE-46DD-44C5-9F91-09B3B715248F}.Debug|x64.Build.0 = Debug|x64
		{A1E1BDBE-46DD-44C5-9F91-09B3B715248F}.Debug|x86.ActiveCfg = Debug|Win32
		{A1E1BDBE-46DD-44C5-9F91-09B3B715248F}.Debug|x86.Build.0 = Debug|Win32
		{A1E1BDBE-46DD-44C5-9F91-09B3B715248F}.Release|x64.ActiveCfg = Release|x64
		{A1E1BDBE-46DD-44C5-9F91-09B3B715248F}.Release|x64.Build.0 = Release|x64
		{A1E1BDBE-46DD-44C5-9F91-09B3B715248F}.Release|x86.ActiveCfg = Release|Win32
		{A1E1BDBE-46DD-44C5-9F91-09B3B715248F}.Release|x86.Build.0 = Release|Win32
		{896F3AA1-C0A5-40DA-84BE-1BB8BCDDC026}.Debug|x64.ActiveCfg = Debug|x64
		{896F3AA1-C0A5-40DA-84BE-1BB8BCDDC026}.Debug|x64.Build.0 = Debug|x64
		{896F3AA1-C0A5-40DA-84BE-1BB8BCDDC026}.Debug|x86.ActiveCfg = Debug|Win32
		{896F3AA1-C0A5-40DA-84BE-1BB8BCDDC026}.Debug|x86.Build.0 = Debug|Win32
		{896F3AA1-C0A5-40DA-84BE-1BB8BCDDC026}.Release|x64.ActiveCfg = Release|x64
		{896F3AA1-C0A5-40DA-84BE-1BB8BCDDC026}.Release|x64.Build.0 = Release|x64
		{896F3AA1-C0A5-40DA-84BE-1BB8BCDDC026}.Release|x86.ActiveCfg = Release|Win32
		{896F3AA1-C0A5-40DA-84BE-1BB8BCDDC026}.Release|x86.Build.0 = Release|Win32
		{1594FF84-C95D-4F31-9FC6-B6B38EE711A5}.Debug|x64.ActiveCfg = Debug|x64
		{1594FF84-C95D-4F31-9FC6-B6B38EE711A5}.Debug|x64.Build.0 = Debug|x64
		{1594FF84-C95D-4F31-9FC6-B6B38EE711A5}.Debug|x86.ActiveCfg = Debug|Win32
		{1594FF84-C95D-4F31-9FC6-B6B38EE711A5}.Debug|x86.Build.0 = Debug|Win32
		{1594FF84-C95D-4F31-9FC6-B6B38EE711A5}.Release|x64.ActiveCfg = Release|x64
		{1594FF84-C95D-4F31-9FC6-B6B38EE711A5}.Release|x64.Build.0 = Release|x64
		{1594FF84-C95D-4F31-9FC6-B6B38EE711A5}.Release|x86.ActiveCfg = Release|Win32
		{1594FF84-C95D-4F31-9FC6-B6B38EE711A5}.Release|x86.Build.0 = Release|Win32
		{072E97C4-9478-4945-9ED1-7E1D83F9961A}.Debug|x64.ActiveCfg = Debug|x64
		{072E97C4-9478-4945-9ED1-7E1D83F9961A}.Debug|x64.Build.0 = Debug|x64
		{072E97C4-9478-4945-9ED1-7E1D83F9961A}.Debug|x86.ActiveCfg = Debug|Win32
		{072E97C4-9478-4945-9ED1-7E1D83F9961A}.Debug|x86.Build.0 = Debug|Win32
		{072E97C4-9478-4945-9ED1-7E1D83F9961A}.Release|x64.ActiveCfg = Release|x64
		{072E97C4-9478-4945-9ED1-7E1D83F9961A}.Release|x64.Build.0 = Release|x64
		{072E97C4-9478-4945-9ED1-7E1D83F9961A}.Release|x86.ActiveCfg = Release|Win32
		{072E97C4-9478-4945-9ED1-7E1D83F9961A}.Release|x86.Build.0 = Release|Win32
		{3F03EE1D-2900-4D31-8279-8FA94DD05348}.Debug|x64.ActiveCfg = Debug|x64
		{3F03EE1D-2900-4D31-8279-8FA94DD05348}.Debug|x64.Build.0 = Debug|x64
		{3F03EE1D-2900-4D31-8279-8FA94DD05348}.Debug|x86.ActiveCfg = Debug|Win32
		{3F03EE1D-2900-4D31-8279-8FA94DD05348}.Debug|x86.Build.0 = Debug|Win32
		{3F03EE1D-2900-4D31-8279-8FA94DD05348}.Release|x64.ActiveCfg = Release|x64
		{3F03EE1D-2900-4D31-8279-8FA94DD05348}.Release|x64.Build.0 = Release|x64
		{3F03EE1D-2900-4D31-8279-8FA94DD05348}.Release|x86.ActiveCfg = Release|Win32
		{3F03EE1D-2900-4D31-8279-8FA94DD05348}.Release|x86.Build.0 = Release|Win32
		{1D5B09E3-F5C4-4622-9FE2-3189880B747A}.Debug|x64.ActiveCfg = Debug|x64
		{1D5B09E3-F5C4-4622-9FE2-3189880B747A}.Debug|x64.Build.0 = Debug|x64
		{1D5B09E3-F5C4-4622-9FE2-3189880B747A}.Debug|x86.ActiveCfg = Debug|Win32
		{1D5B09E3-F5C4-4622-9FE2-3189880B747A}.Debug|x86.Build.0 = Debug|Win32
		{1D5B09E3-F5C4-4622-9FE2-3189880B747A}.Release|x64.ActiveCfg = Release|x64
		{1D5B09E3-F5C4-4622-9FE2-3189880B747A}.Release|x64.Build.0 = Release|x64
		{1D5B09E3-F5C4-4622-9FE2-3189880B747A}.Release|x86.ActiveCfg = Release|Win32
		{1D5B09E3-F5C4-4622-9FE2-3189880B747A}.Release|x86.Build.0 = Release|Win32
		{C3D771FF-F126-4CBE-AB4C-78E08EBCA82F}.Debug|x64.ActiveCfg = Debug|x64
		{C3D771FF-F126-4CBE-AB4C-78E08EBCA82F}.Debug|x64.Build.0 = Debug|x64
		{C3D771FF-F126-4CBE-AB4C-78E08EBCA82F}.Debug|x86.ActiveCfg = Debug|Win32
		{C3D771FF-F126-4CBE-AB4C-78E08EBCA82F}.Debug|x86.Build.0 = Debug|Win32
		{C3D771FF-F126-4CBE-AB4C-78E08EBCA82F}.Release|x64.ActiveCfg = Release|x64
		{C3D771FF-F126-4CBE-AB4C-78E08EBCA82F}.Release|x64.Build.0 = Release|x64
		{C3D771FF-F126-4CBE-AB4C-78E08EBCA82F}.Release|x86.ActiveCfg = Release|Win32
		{C3D771FF-F126-4CBE-AB4C-78E08EBCA82F}.Release|x86.Build.0 = Release|Win32
		{5CC585F2-15E8-41FD-A679-0BDC6566992A}.Debug|x64.ActiveCfg = Debug|x64
		{5CC585F2-15E8-41FD-A679-0BDC6566992A}.Debug|x64.Build.0 = Debug|x64
		{5CC585F2-15E8-41FD-A679-0BDC6566992A}.Debug|x86.ActiveCfg = Debug|Win32
		{5CC585F2-15E8-41FD-A679-0BDC6566992A}.Debug|x86.Build.0 = Debug|Win32
		{5CC585F2-15E8-41FD-A679-0BDC6566992A}.Release|x64.ActiveCfg = Release|x64
		{5CC585F2-15E8-41FD-A679-0BDC6566992A}.Release|x64.Build.0 = Release|x64
		{5CC585F2-15E8-41FD-A679-0BDC6566992A}.Release|x86.ActiveCfg = Release|Win32
		{5CC585F2-15E8-41FD-A679-0BDC6566992A}.Release|x86.Build.0 = Release|Win32
		{925CEE89-F916-45FF-9F9A-07BD4B8A2CDF}.Debug|x64.ActiveCfg = Debug|x64
		{925CEE89-F916-45FF-9F9A-07BD4B8A2CDF}.Debug|x64.Build.0 = Debug|x64
		{925CEE89-F916-45FF-9F9A-07BD4B8A2CDF}.Debug|x86.ActiveCfg = Debug|Win32
		{925CEE89-F916-45FF-9F9A-07BD4B8A2CDF}.Debug|x86.Build.0 = Debug|Win32
		{925CEE89-F916-45FF-9F9A-07BD4B8A2CDF}.Release|x64.ActiveCfg = Release|x64
		{925CEE89-F916-45FF-9F9A-07BD4B8A2CDF}.Release|x64.Build.0 = Release|x64
		{925CEE89-F916-45FF-9F9A-07BD4B8A2CDF}.Release|x86.ActiveCfg = Release|Win32
		{925CEE89-F916-45FF-9F9A-07BD4B8A2CDF}.Release|x86.Build.0 = Release|Win32
		{AFE577D4-5CC8-4706-975C-7E0A4F6888E1}.Debug|x64.ActiveCfg = Debug|x64
		{AFE577D4-5CC8-4706-975C-7E0A4F6888E1}.Debug|x64.Build.0 = Debug|x64
		{AFE577D4-5CC8-4706-975C-7E0A4F6888E1}.Debug|x86.ActiveCfg = Debug|Win32
		{AFE577D4-5CC8-4706-975C-7E0A4F6888E1}.Debug|x86.Build.0 = Debug|Win32
		{AFE577D4-5CC8-4706-975C-7E0A4F6888E1}.Release|x64.ActiveCfg = Release|x64
		{AFE577D4-5CC8-4706-975C-7E0A4F6888E1}.Release|x64.Build.0 = Release|x64
		{AFE577D4-5CC8-4706-975C-7E0A4F6888E1}.Release|x86.ActiveCfg = Release|Win32
		{AFE577D4-5CC8-4706-975C-7E0A4F6888E1}.Release|x86.Build.0 = Release|Win32
		{C1457B4D-77E5-4E9E-A210-D624782B7714}.Debug|x64.ActiveCfg = Debug|x64
		{C1457B4D-77E5-4E9E-A210-D624782B7714}.Debug|x64.Build.0 = Debug|x64
		{C1457B4D-77E5-4E9E-A210-D624782B7714}.Debug|x86.ActiveCfg = Debug|Win32
		{C1457B4D-77E5-4E9E-A210-D624782B7714}.Debug|x86.Build.0 = Debug|Win32
		{C1457B4D-77E5-4E9E-A210-D624782B7714}.Release|x64.ActiveCfg = Release|x64
		{C1457B4D-77E5-4E9E-A210-D624782B7714}.Release|x64.Build.0 = Release|x64
		{C1457B4D-77E5-4E9E-A210-D624782B7714}.Release|x86.ActiveCfg = Release|Win32
		{C1457B4D-77E5-4E9E-A210-D624782B7714}.Release|x86.Build.0 = Release|Win32
		{86D93E8C-EA86-44BF-B3FC-8AE5EA509C60}.Debug|x64.ActiveCfg = Debug|x64
		{86D93E8C-EA86-44BF-B3FC-8AE5EA509C60}.Debug|x64.Build.0 = Debug|x64
		{86D93E8C-EA86-44BF-B3FC-8AE5EA509C60}.Debug|x86.ActiveCfg = Debug|Win32
		{86D93E8C-EA86-44BF-B3FC-8AE5EA509C60}.Debug|x86.Build.0 = Debug|Win32
		{86D93E8C-EA86-44BF-B3FC-8AE5EA509C60}.Release|x64.ActiveCfg = Release|x64
		{86D93E8C-EA86-44BF-B3FC-8AE5EA509C60}.Release|x64.Build.0 = Release|x64
		{86D93E8C-EA86-44BF-B3FC-8AE5EA509C60}.Release|x86.ActiveCfg = Release|Win32
		{86D93E8C-EA86-44BF-B3FC-8AE5EA509C60}.Release|x86.Build.0 = Release|Win32
		{0A8B0B0A-860B-42A7-BE74-9CE16E6E415F}.Debug|x64.ActiveCfg = Debug|x64
		{0A8B0B0A-860B-42A7-BE74-9CE16E6E415F}.Debug|x64.Build.0 = Debug|x64
		{0A8B0B0A-860B-42A7-BE74-9CE16E6E415F}.Debug|x86.ActiveCfg = Debug|Win32
		{0A8B0B0A-860B-42A7-BE74-9CE16E6E415F}.Debug|x86.Build.0 = Debug|Win32
		{0A8B0B0A-860B-42A7-BE74-9CE16E6E415F}.Release|x64.ActiveCfg = Release|x64
		{0A8B0B0A-860B-42A7-BE74-9CE16E6E415F}.Release|x64.Build.0 = Release|x64
		{0A8B0B0A-860B-42A7-BE74-9CE16E6E415F}.Release|x86.ActiveCfg = Release|Win32
		{0A8B0B0A-860B-42A7-BE74-9CE16E6E415F}.Release|x86.Build.0 = Release|Win32
		{FD53F894-7B5A-495B-886F-4D4A26147767}.Debug|x64.ActiveCfg = Debug|x64
		{FD53F894-7B5A-495B-886F-4D4A26147767}.Debug|x64.Build.0 = Debug|x64
		{FD53F894-7B5A-495B-886F-4D4A26147767}.Debug|x86.ActiveCfg = Debug|Win32
		{FD53F894-7B5A-495B-886F-4D4A26147767}.Debug|x86.Build.0 = Debug|Win32
		{FD53F894-7B5A-495B-886F-4D4A26147767}.Release|x64.ActiveCfg = Release|x64
		{FD53F894-7B5A-495B-886F-4D4A26147767}.Release|x64.Build.0 = Release|x64
		{FD53F894-7B5A-495B-886F-4D4A26147767}.Release|x86.ActiveCfg = Release|Win32
		{FD53F894-7B5A-495B-886F-4D4A26147767}.Release|x86.Build.0 = Release|Win32
		{53B4FBAB-3988-4B16-9444-F14BB9CEC851}.Debug|x64.ActiveCfg = Debug|x64
		{53B4FBAB-3988-4B16-9444-F14BB9CEC851}.Debug|x64.Build.0 = Debug|x64
		{53B4FBAB-3988-4B16-9444-F14BB9CEC851}.Debug|x86.ActiveCfg = Debug|Win32
		{53B4FBAB-3988-4B16-9444-F14BB9CEC851}.Debug|x86.Build.0 = Debug|Win32
		{53B4FBAB-3988-4B16-9444-F14BB9CEC851}.Release|x64.ActiveCfg = Release|x64
		{53B4FBAB-3988-4B16-9444-F14BB9CEC851}.Release|x64.Build.0 = Release|x64
		{53B4FBAB-3988-4B16-9444-F14BB9CEC851}.Release|x86.ActiveCfg = Release|Win32
		{53B4FBAB-3988-4B16-9444-F14BB9CEC851}.Release|x86.Build.0 = Release|Win32
		{34205709-1C3A-43E9-A57C-5EBC5BBD2D89}.Debug|x64.ActiveCfg = Debug|x64
		{34205709-1C3A-43E9-A57C-5EBC5BBD2D89}.Debug|x64.Build.0 = Debug|x64
		{34205709-1C3A-43E9-A57C-5EBC5BBD2D89}.Debug|x86.ActiveCfg = Debug|Win32
		{34205709-1C3A-43E9-A57C-5EBC5BBD2D89}.Debug|x86.Build.0 = Debug|Win32
		{34205709-1C3A-43E9-A57C-5EBC5BBD2D89}.Release|x64.ActiveCfg = Release|x64
		{34205709-1C3A-43E9-A57C-5EBC5BBD2D89}.Release|x64.Build.0 = Release|x64
		{34205709-1C3A-43E9-A57C-5EBC5BBD2D89}.Release|x86.ActiveCfg = Release|Win32
		{34205709-1C3A-43E9-A57C-5EBC5BBD2D89}.Release|x86.Build.0 = Release|Win32
	EndGlobalSection
	GlobalSection(SolutionProperties) = preSolution
		HideSolutionNode = FALSE
	EndGlobalSection
	GlobalSection(NestedProjects) = preSolution
		{896F3AA1-C0A5-40DA-84BE-1BB8BCDDC026} = {0606163B-D589-4BD5-BB35-1BE9289DB667}
		{1594FF84-C95D-4F31-9FC6-B6B38EE711A5} = {0606163B-D589-4BD5-BB35-1BE9289DB667}
		{072E97C4-9478-4945-9ED1-7E1D83F9961A} = {0606163B-D589-4BD5-BB35-1BE9289DB667}
		{3F03EE1D-2900-4D31-8279-8FA94DD05348} = {0606163B-D589-4BD5-BB35-1BE9289DB667}
		{1D5B09E3-F5C4-4622-9FE2-3189880B747A} = {0606163B-D589-4BD5-BB35-1BE9289DB667}
		{C3D771FF-F126-4CBE-AB4C-78E08EBCA82F} = {0606163B-D589-4BD5-BB35-1BE9289DB667}
		{5CC585F2-15E8-41FD-A679-0BDC6566992A} = {0606163B-D589-4BD5-BB35-1BE9289DB667}
		{B85DC20F-1026-401A-9202-25A8AAE6AF13} = {0606163B-D589-4BD5-BB35-1BE9289DB667}
		{925CEE89-F916-45FF-9F9A-07BD4B8A2CDF} = {B85DC20F-1026-401A-9202-25A8AAE6AF13}
		{AFE577D4-5CC8-4706-975C-7E0A4F6888E1} = {B85DC20F-1026-401A-9202-25A8AAE6AF13}
		{C1457B4D-77E5-4E9E-A210-D624782B7714} = {B85DC20F-1026-401A-9202-25A8AAE6AF13}
		{86D93E8C-EA86-44BF-B3FC-8AE5EA509C60} = {B85DC20F-1026-401A-9202-25A8AAE6AF13}
		{0A8B0B0A-860B-42A7-BE74-9CE16E6E415F} = {B85DC20F-1026-401A-9202-25A8AAE6AF13}
		{FD53F894-7B5A-495B-886F-4D4A26147767} = {B85DC20F-1026-401A-9202-25A8AAE6AF13}
		{53B4FBAB-3988-4B16-9444-F14BB9CEC851} = {B85DC20F-1026-401A-9202-25A8AAE6AF13}
		{34205709-1C3A-43E9-A57C-5EBC5BBD2D89} = {B85DC20F-1026-401A-9202-25A8AAE6AF13}
	EndGlobalSection
	GlobalSection(ExtensibilityGlobals) = postSolution
		SolutionGuid = {ACF60839-7A48-429B-9F49-D1CE17F4F420}
	EndGlobalSection
EndGlobal
