<?xml version="1.0" encoding="utf-8"?>
<Project ToolsVersion="4.0" xmlns="http://schemas.microsoft.com/developer/msbuild/2003">
  <ItemGroup>
    <Filter Include="Source Files">
      <UniqueIdentifier>{4FC737F1-C7A5-4376-A066-2A32D752A2FF}</UniqueIdentifier>
      <Extensions>cpp;c;cc;cxx;def;odl;idl;hpj;bat;asmx</Extensions>
    </Filter>
    <Filter Include="Source Files\crypto">
      <UniqueIdentifier>{d43c19d4-ff86-47e6-b152-eebce95e9eef}</UniqueIdentifier>
    </Filter>
    <Filter Include="Source Files\crypto\i386">
      <UniqueIdentifier>{4ed778f2-ab42-4e6c-bcae-9adae997eafb}</UniqueIdentifier>
    </Filter>
    <Filter Include="Header Files">
      <UniqueIdentifier>{93995380-89BD-4b04-88EB-625FBE52EBFB}</UniqueIdentifier>
      <Extensions>h;hpp;hxx;hm;inl;xsd</Extensions>
    </Filter>
    <Filter Include="Header Files\crypto">
      <UniqueIdentifier>{33f12f37-334f-4fc3-a8f6-e09bc1838f83}</UniqueIdentifier>
    </Filter>
  </ItemGroup>
  <ItemGroup>
    <ClCompile Include="boot_hook.c">
      <Filter>Source Files</Filter>
    </ClCompile>
    <ClCompile Include="dc_io.c">
      <Filter>Source Files</Filter>
    </ClCompile>
    <ClCompile Include="hdd_io.c">
      <Filter>Source Files</Filter>
    </ClCompile>
    <ClCompile Include="..\..\crypto\crypto_small\aes_small.c">
      <Filter>Source Files\crypto</Filter>
    </ClCompile>
    <ClCompile Include="..\..\crypto\crypto_small\xts_small_aes.c">
      <Filter>Source Files\crypto</Filter>
    </ClCompile>
  </ItemGroup>
  <ItemGroup>
    <ClInclude Include="include\boot\bios.h">
      <Filter>Header Files</Filter>
    </ClInclude>
    <ClInclude Include="include\boot\boot_hook.h">
      <Filter>Header Files</Filter>
    </ClInclude>
    <ClInclude Include="include\boot\dc_io.h">
      <Filter>Header Files</Filter>
    </ClInclude>
    <ClInclude Include="include\boot\hdd.h">
      <Filter>Header Files</Filter>
    </ClInclude>
    <ClInclude Include="include\boot\hdd_io.h">
      <Filter>Header Files</Filter>
    </ClInclude>
    <ClInclude Include="..\..\crypto\crypto_small\aes_padlock_small.h">
      <Filter>Header Files\crypto</Filter>
    </ClInclude>
    <ClInclude Include="..\..\crypto\crypto_small\aes_small.h">
      <Filter>Header Files\crypto</Filter>
    </ClInclude>
    <ClInclude Include="..\..\crypto\crypto_small\xts_small_aes.h">
      <Filter>Header Files\crypto</Filter>
    </ClInclude>
  </ItemGroup>
  <ItemGroup>
    <CustomBuild Include="..\..\crypto\crypto_small\aes_padlock_small.asm">
      <Filter>Source Files\crypto\i386</Filter>
    </CustomBuild>
  </ItemGroup>
</Project>