<?xml version="1.0" encoding="utf-8"?>
<Project ToolsVersion="4.0" xmlns="http://schemas.microsoft.com/developer/msbuild/2003">
  <ItemGroup>
    <Filter Include="Source Files">
      <UniqueIdentifier>{4FC737F1-C7A5-4376-A066-2A32D752A2FF}</UniqueIdentifier>
      <Extensions>cpp;c;cc;cxx;def;odl;idl;hpj;bat;asmx</Extensions>
    </Filter>
    <Filter Include="Source Files\crypto">
      <UniqueIdentifier>{227a9bfc-eac4-4c27-802b-e2e9047b78e5}</UniqueIdentifier>
    </Filter>
    <Filter Include="Header Files">
      <UniqueIdentifier>{93995380-89BD-4b04-88EB-625FBE52EBFB}</UniqueIdentifier>
      <Extensions>h;hpp;hxx;hm;inl;xsd</Extensions>
    </Filter>
    <Filter Include="Header Files\crypto">
      <UniqueIdentifier>{a05a6ee3-90bf-4360-a3ae-1380187df881}</UniqueIdentifier>
    </Filter>
  </ItemGroup>
  <ItemGroup>
    <ClCompile Include="bios_misc.c">
      <Filter>Source Files</Filter>
    </ClCompile>
    <ClCompile Include="boot_load.c">
      <Filter>Source Files</Filter>
    </ClCompile>
    <ClCompile Include="dc_header.c">
      <Filter>Source Files</Filter>
    </ClCompile>
    <ClCompile Include="hdd_scan.c">
      <Filter>Source Files</Filter>
    </ClCompile>
    <ClCompile Include="kbd_layout.c">
      <Filter>Source Files</Filter>
    </ClCompile>
    <ClCompile Include="misc.c">
      <Filter>Source Files</Filter>
    </ClCompile>
    <ClCompile Include="..\..\crypto\crypto_small\sha512_pkcs5_2_small.c">
      <Filter>Source Files\crypto</Filter>
    </ClCompile>
    <ClCompile Include="..\..\crypto\crypto_small\sha512_small.c">
      <Filter>Source Files\crypto</Filter>
    </ClCompile>
  </ItemGroup>
  <ItemGroup>
    <ClInclude Include="include\boot\bios.h">
      <Filter>Header Files</Filter>
    </ClInclude>
    <ClInclude Include="include\boot\bios_misc.h">
      <Filter>Header Files</Filter>
    </ClInclude>
    <ClInclude Include="include\boot\boot.h">
      <Filter>Header Files</Filter>
    </ClInclude>
    <ClInclude Include="include\boot\boot_load.h">
      <Filter>Header Files</Filter>
    </ClInclude>
    <ClInclude Include="include\boot\boot_vtab.h">
      <Filter>Header Files</Filter>
    </ClInclude>
    <ClInclude Include="include\boot\dc_header.h">
      <Filter>Header Files</Filter>
    </ClInclude>
    <ClInclude Include="include\boot\hdd_scan.h">
      <Filter>Header Files</Filter>
    </ClInclude>
    <ClInclude Include="include\boot\kbd_layout.h">
      <Filter>Header Files</Filter>
    </ClInclude>
    <ClInclude Include="include\boot\misc.h">
      <Filter>Header Files</Filter>
    </ClInclude>
    <ClInclude Include="..\..\crypto\crypto_small\sha512_pkcs5_2_small.h">
      <Filter>Header Files\crypto</Filter>
    </ClInclude>
    <ClInclude Include="..\..\crypto\crypto_small\sha512_small.h">
      <Filter>Header Files\crypto</Filter>
    </ClInclude>
  </ItemGroup>
</Project>