<?xml version="1.0" encoding="utf-8"?>
<Project ToolsVersion="4.0" xmlns="http://schemas.microsoft.com/developer/msbuild/2003">
  <ItemGroup>
    <Filter Include="Source Files">
      <UniqueIdentifier>{4FC737F1-C7A5-4376-A066-2A32D752A2FF}</UniqueIdentifier>
      <Extensions>cpp;c;cc;cxx;def;odl;idl;hpj;bat;asmx</Extensions>
    </Filter>
    <Filter Include="Source Files\crypto">
      <UniqueIdentifier>{397b59d1-1198-416c-bef4-0e2545b8055f}</UniqueIdentifier>
    </Filter>
    <Filter Include="Source Files\crypto\i386">
      <UniqueIdentifier>{4eb98a54-dbbc-4c5b-b2f0-52c3c1e9cb99}</UniqueIdentifier>
    </Filter>
    <Filter Include="Header Files">
      <UniqueIdentifier>{93995380-89BD-4b04-88EB-625FBE52EBFB}</UniqueIdentifier>
      <Extensions>h;hpp;hxx;hm;inl;xsd</Extensions>
    </Filter>
    <Filter Include="Header Files\crypto">
      <UniqueIdentifier>{ade46f33-f6c7-48fe-9474-6a3907c7da10}</UniqueIdentifier>
    </Filter>
  </ItemGroup>
  <ItemGroup>
    <ClCompile Include="boot_hook.c">
      <Filter>Source Files</Filter>
    </ClCompile>
    <ClCompile Include="dc_io.c">
      <Filter>Source Files</Filter>
    </ClCompile>
    <ClCompile Include="hdd_io.c">
      <Filter>Source Files</Filter>
    </ClCompile>
    <ClCompile Include="..\..\crypto\crypto_small\aes_small.c">
      <Filter>Source Files\crypto</Filter>
    </ClCompile>
    <ClCompile Include="..\..\crypto\crypto_small\serpent_small.c">
      <Filter>Source Files\crypto</Filter>
    </ClCompile>
    <ClCompile Include="..\..\crypto\crypto_small\twofish_small.c">
      <Filter>Source Files\crypto</Filter>
    </ClCompile>
    <ClCompile Include="..\..\crypto\crypto_small\xts_small.c">
      <Filter>Source Files\crypto</Filter>
    </ClCompile>
  </ItemGroup>
  <ItemGroup>
    <ClInclude Include="include\boot\bios.h">
      <Filter>Header Files</Filter>
    </ClInclude>
    <ClInclude Include="include\boot\boot_hook.h">
      <Filter>Header Files</Filter>
    </ClInclude>
    <ClInclude Include="include\boot\dc_io.h">
      <Filter>Header Files</Filter>
    </ClInclude>
    <ClInclude Include="include\boot\hdd.h">
      <Filter>Header Files</Filter>
    </ClInclude>
    <ClInclude Include="include\boot\hdd_io.h">
      <Filter>Header Files</Filter>
    </ClInclude>
    <ClInclude Include="..\..\crypto\crypto_small\aes_small.h">
      <Filter>Header Files\crypto</Filter>
    </ClInclude>
    <ClInclude Include="..\..\crypto\crypto_small\serpent_small.h">
      <Filter>Header Files\crypto</Filter>
    </ClInclude>
    <ClInclude Include="..\..\crypto\crypto_small\twofish_small.h">
      <Filter>Header Files\crypto</Filter>
    </ClInclude>
    <ClInclude Include="..\..\crypto\crypto_small\xts_small.h">
      <Filter>Header Files\crypto</Filter>
    </ClInclude>
  </ItemGroup>
  <ItemGroup>
    <CustomBuild Include="..\..\crypto\crypto_small\aes_padlock_small.asm">
      <Filter>Source Files\crypto\i386</Filter>
    </CustomBuild>
  </ItemGroup>
</Project>